{
  "name": "learning-threejs",
  "version": "1.0.0",
  "lockfileVersion": 1,
  "requires": true,
  "dependencies": {
    "three": {
      "version": "0.93.0",
      "resolved": "http://registry.npm.taobao.org/three/download/three-0.93.0.tgz",
      "integrity": "sha1-P9bDZ+9FVKu7bhataZNig+iVwSM="
    }
  }
}
